Microsoft Visual Studio Solution File, Format Version 12.00
# Visual Studio Version 18
VisualStudioVersion = 18.1.11312.151
MinimumVisualStudioVersion = 10.0.40219.1
Project("{FAE04EC0-301F-11D3-BF4B-00C04F79EFBC}") = "PixlPunkt.PluginSdk", "PixlPunkt.PluginSdk\PixlPunkt.PluginSdk.csproj", "{06345212-8688-4F8F-91FA-4EB0C9785853}"
EndProject
Project("{FAE04EC0-301F-11D3-BF4B-00C04F79EFBC}") = "PixlPunkt.ExamplePlugin", "PixlPunkt.ExamplePlugin\PixlPunkt.ExamplePlugin.csproj", "{D80D4501-9A29-7BC9-60B2-22061246B5F4}"
EndProject
Project("{FAE04EC0-301F-11D3-BF4B-00C04F79EFBC}") = "PixlPunkt.PluginSdk.Tests", "PixlPunkt.PluginSdk.Tests\PixlPunkt.PluginSdk.Tests.csproj", "{FC0784E9-0938-442A-A5F3-F5EB47ED9C6A}"
EndProject
Project("{FAE04EC0-301F-11D3-BF4B-00C04F79EFBC}") = "PixlPunkt.Uno", "PixlPunkt.Uno\PixlPunkt.Uno\PixlPunkt.Uno.csproj", "{94DA9B44-63D4-4B19-8778-2D2B0B10980C}"
EndProject
Project("{FAE04EC0-301F-11D3-BF4B-00C04F79EFBC}") = "PixlPunkt.Uno.Tests", "PixlPunkt.Uno\PixlPunkt.Uno.Tests\PixlPunkt.Uno.Tests.csproj", "{FE0E7340-E061-4D04-957F-2985080CA0B9}"
EndProject
Project("{2150E333-8FDC-42A3-9474-1A3956D46DE8}") = "Solution Items", "Solution Items", "{8DEB0975-6B3B-4E8E-B95E-E3E0E9363164}"
EndProject
Project("{2150E333-8FDC-42A3-9474-1A3956D46DE8}") = "scripts", "scripts", "{DCDD5C83-5AE2-4E8B-A81E-8C7196D6DB40}"
	ProjectSection(SolutionItems) = preProject
		scripts\Generate-SigningCertificate.ps1 = scripts\Generate-SigningCertificate.ps1
		scripts\github-secrets.txt = scripts\github-secrets.txt
		scripts\PixlPunkt.cer = scripts\PixlPunkt.cer
		scripts\PixlPunkt.pfx = scripts\PixlPunkt.pfx
	EndProjectSection
EndProject
Project("{2150E333-8FDC-42A3-9474-1A3956D46DE8}") = ".github", ".github", "{81F70FB3-7063-49B6-BEC3-83F529C13D8A}"
	ProjectSection(SolutionItems) = preProject
		.github\PULL_REQUEST_TEMPLATE.md = .github\PULL_REQUEST_TEMPLATE.md
	EndProjectSection
EndProject
Project("{2150E333-8FDC-42A3-9474-1A3956D46DE8}") = "workflows", "workflows", "{DFE16839-9789-4D3A-8B0E-5DB1EDDF21C9}"
	ProjectSection(SolutionItems) = preProject
		.github\workflows\build-sdk.yml = .github\workflows\build-sdk.yml
		.github\workflows\build-uno-desktop.yml = .github\workflows\build-uno-desktop.yml
		.github\workflows\build-uno-winappsdk.yml = .github\workflows\build-uno-winappsdk.yml
		.github\workflows\nuget-publish.yml = .github\workflows\nuget-publish.yml
		.github\workflows\release.yml = .github\workflows\release.yml
	EndProjectSection
EndProject
Project("{2150E333-8FDC-42A3-9474-1A3956D46DE8}") = "ISSUE_TEMPLATE", "ISSUE_TEMPLATE", "{9E16D6DE-0101-470D-990D-5DFBB21DE4A4}"
	ProjectSection(SolutionItems) = preProject
		.github\ISSUE_TEMPLATE\bug_report.md = .github\ISSUE_TEMPLATE\bug_report.md
		.github\ISSUE_TEMPLATE\feature_request.md = .github\ISSUE_TEMPLATE\feature_request.md
	EndProjectSection
EndProject
Global
	GlobalSection(SolutionConfigurationPlatforms) = preSolution
		Debug|Any CPU = Debug|Any CPU
		Release|Any CPU = Release|Any CPU
	EndGlobalSection
	GlobalSection(ProjectConfigurationPlatforms) = postSolution
		{06345212-8688-4F8F-91FA-4EB0C9785853}.Debug|Any CPU.ActiveCfg = Debug|Any CPU
		{06345212-8688-4F8F-91FA-4EB0C9785853}.Debug|Any CPU.Build.0 = Debug|Any CPU
		{06345212-8688-4F8F-91FA-4EB0C9785853}.Release|Any CPU.ActiveCfg = Release|Any CPU
		{06345212-8688-4F8F-91FA-4EB0C9785853}.Release|Any CPU.Build.0 = Release|Any CPU
		{D80D4501-9A29-7BC9-60B2-22061246B5F4}.Debug|Any CPU.ActiveCfg = Debug|Any CPU
		{D80D4501-9A29-7BC9-60B2-22061246B5F4}.Debug|Any CPU.Build.0 = Debug|Any CPU
		{D80D4501-9A29-7BC9-60B2-22061246B5F4}.Release|Any CPU.ActiveCfg = Release|Any CPU
		{D80D4501-9A29-7BC9-60B2-22061246B5F4}.Release|Any CPU.Build.0 = Release|Any CPU
		{FC0784E9-0938-442A-A5F3-F5EB47ED9C6A}.Debug|Any CPU.ActiveCfg = Debug|Any CPU
		{FC0784E9-0938-442A-A5F3-F5EB47ED9C6A}.Debug|Any CPU.Build.0 = Debug|Any CPU
		{FC0784E9-0938-442A-A5F3-F5EB47ED9C6A}.Release|Any CPU.ActiveCfg = Release|Any CPU
		{FC0784E9-0938-442A-A5F3-F5EB47ED9C6A}.Release|Any CPU.Build.0 = Release|Any CPU
		{94DA9B44-63D4-4B19-8778-2D2B0B10980C}.Debug|Any CPU.ActiveCfg = Debug|Any CPU
		{94DA9B44-63D4-4B19-8778-2D2B0B10980C}.Debug|Any CPU.Build.0 = Debug|Any CPU
		{94DA9B44-63D4-4B19-8778-2D2B0B10980C}.Debug|Any CPU.Deploy.0 = Debug|Any CPU
		{94DA9B44-63D4-4B19-8778-2D2B0B10980C}.Release|Any CPU.ActiveCfg = Release|Any CPU
		{94DA9B44-63D4-4B19-8778-2D2B0B10980C}.Release|Any CPU.Build.0 = Release|Any CPU
		{FE0E7340-E061-4D04-957F-2985080CA0B9}.Debug|Any CPU.ActiveCfg = Debug|Any CPU
		{FE0E7340-E061-4D04-957F-2985080CA0B9}.Debug|Any CPU.Build.0 = Debug|Any CPU
		{FE0E7340-E061-4D04-957F-2985080CA0B9}.Release|Any CPU.ActiveCfg = Release|Any CPU
		{FE0E7340-E061-4D04-957F-2985080CA0B9}.Release|Any CPU.Build.0 = Release|Any CPU
	EndGlobalSection
	GlobalSection(SolutionProperties) = preSolution
		HideSolutionNode = FALSE
	EndGlobalSection
	GlobalSection(NestedProjects) = preSolution
		{DCDD5C83-5AE2-4E8B-A81E-8C7196D6DB40} = {8DEB0975-6B3B-4E8E-B95E-E3E0E9363164}
		{81F70FB3-7063-49B6-BEC3-83F529C13D8A} = {8DEB0975-6B3B-4E8E-B95E-E3E0E9363164}
		{DFE16839-9789-4D3A-8B0E-5DB1EDDF21C9} = {81F70FB3-7063-49B6-BEC3-83F529C13D8A}
		{9E16D6DE-0101-470D-990D-5DFBB21DE4A4} = {81F70FB3-7063-49B6-BEC3-83F529C13D8A}
	EndGlobalSection
	GlobalSection(ExtensibilityGlobals) = postSolution
		SolutionGuid = {9E1BAE2F-CFB3-4022-8303-AE3CFDBD5546}
	EndGlobalSection
EndGlobal
