Microsoft Visual Studio Solution File, Format Version 12.00
# Visual Studio Version 18
VisualStudioVersion = 18.1.11312.151
MinimumVisualStudioVersion = 10.0.40219.1
Project("{FAE04EC0-301F-11D3-BF4B-00C04F79EFBC}") = "PixlPunkt.PluginSdk", "PixlPunkt.PluginSdk\PixlPunkt.PluginSdk.csproj", "{06345212-8688-4F8F-91FA-4EB0C9785853}"
EndProject
Project("{FAE04EC0-301F-11D3-BF4B-00C04F79EFBC}") = "PixlPunkt.ExamplePlugin", "PixlPunkt.ExamplePlugin\PixlPunkt.ExamplePlugin.csproj", "{D80D4501-9A29-7BC9-60B2-22061246B5F4}"
EndProject
Project("{FAE04EC0-301F-11D3-BF4B-00C04F79EFBC}") = "PixlPunkt.PluginSdk.Tests", "PixlPunkt.PluginSdk.Tests\PixlPunkt.PluginSdk.Tests.csproj", "{FC0784E9-0938-442A-A5F3-F5EB47ED9C6A}"
EndProject
Project("{FAE04EC0-301F-11D3-BF4B-00C04F79EFBC}") = "PixlPunkt", "PixlPunkt\PixlPunkt.csproj", "{94DA9B44-63D4-4B19-8778-2D2B0B10980C}"
EndProject
Project("{FAE04EC0-301F-11D3-BF4B-00C04F79EFBC}") = "PixlPunkt.Tests", "PixlPunkt.Tests\PixlPunkt.Tests.csproj", "{FE0E7340-E061-4D04-957F-2985080CA0B9}"
EndProject
Project("{2150E333-8FDC-42A3-9474-1A3956D46DE8}") = "Solution Items", "Solution Items", "{8DEB0975-6B3B-4E8E-B95E-E3E0E9363164}"
EndProject
Project("{2150E333-8FDC-42A3-9474-1A3956D46DE8}") = "scripts", "scripts", "{DCDD5C83-5AE2-4E8B-A81E-8C7196D6DB40}"
	ProjectSection(SolutionItems) = preProject
		scripts\clean-solution.ps1 = scripts\clean-solution.ps1
		scripts\create-installers.ps1 = scripts\create-installers.ps1
		scripts\create-installers.sh = scripts\create-installers.sh
		scripts\Generate-SigningCertificate.ps1 = scripts\Generate-SigningCertificate.ps1
		scripts\github-secrets.txt = scripts\github-secrets.txt
		scripts\PixlPunkt.cer = scripts\PixlPunkt.cer
		scripts\PixlPunkt.pfx = scripts\PixlPunkt.pfx
	EndProjectSection
EndProject
Project("{2150E333-8FDC-42A3-9474-1A3956D46DE8}") = ".github", ".github", "{81F70FB3-7063-49B6-BEC3-83F529C13D8A}"
	ProjectSection(SolutionItems) = preProject
		.github\PULL_REQUEST_TEMPLATE.md = .github\PULL_REQUEST_TEMPLATE.md
	EndProjectSection
EndProject
Project("{2150E333-8FDC-42A3-9474-1A3956D46DE8}") = "workflows", "workflows", "{DFE16839-9789-4D3A-8B0E-5DB1EDDF21C9}"
	ProjectSection(SolutionItems) = preProject
		.github\workflows\build-sdk.yml = .github\workflows\build-sdk.yml
		.github\workflows\build-uno-desktop.yml = .github\workflows\build-uno-desktop.yml
		.github\workflows\nuget-publish.yml = .github\workflows\nuget-publish.yml
		.github\workflows\release.yml = .github\workflows\release.yml
	EndProjectSection
EndProject
Project("{2150E333-8FDC-42A3-9474-1A3956D46DE8}") = "ISSUE_TEMPLATE", "ISSUE_TEMPLATE", "{9E16D6DE-0101-470D-990D-5DFBB21DE4A4}"
	ProjectSection(SolutionItems) = preProject
		.github\ISSUE_TEMPLATE\bug_report.md = .github\ISSUE_TEMPLATE\bug_report.md
		.github\ISSUE_TEMPLATE\feature_request.md = .github\ISSUE_TEMPLATE\feature_request.md
	EndProjectSection
EndProject
Project("{2150E333-8FDC-42A3-9474-1A3956D46DE8}") = "wiki", "wiki", "{7E1AC4C6-3F95-4B5A-88CD-2EBA019D6621}"
	ProjectSection(SolutionItems) = preProject
		wiki\Canvas-Animation.md = wiki\Canvas-Animation.md
		wiki\Effects.md = wiki\Effects.md
		wiki\Gradient-Fill.md = wiki\Gradient-Fill.md
		wiki\Home.md = wiki\Home.md
		wiki\Layers.md = wiki\Layers.md
		wiki\README.md = wiki\README.md
		wiki\Shortcuts.md = wiki\Shortcuts.md
		wiki\Stage.md = wiki\Stage.md
		wiki\Tile-Animation.md = wiki\Tile-Animation.md
		wiki\Tools.md = wiki\Tools.md
		wiki\_Sidebar.md = wiki\_Sidebar.md
	EndProjectSection
EndProject
Project("{2150E333-8FDC-42A3-9474-1A3956D46DE8}") = "docs", "docs", "{2922D242-91C0-4AEC-8CB0-8A1CE27E0B90}"
	ProjectSection(SolutionItems) = preProject
		docs\ANIMATION_ARCHITECTURE.md = docs\ANIMATION_ARCHITECTURE.md
		docs\CHEAT_SHEET.md = docs\CHEAT_SHEET.md
		docs\CUSTOM_GLYPH_SETS.md = docs\CUSTOM_GLYPH_SETS.md
		docs\QUICK_START.md = docs\QUICK_START.md
		docs\README.md = docs\README.md
		docs\sample-glyph-set.asciifont.json = docs\sample-glyph-set.asciifont.json
		docs\USER_GUIDE.md = docs\USER_GUIDE.md
		docs\USER_GUIDE_BACKUP.md = docs\USER_GUIDE_BACKUP.md
	EndProjectSection
EndProject
Project("{2150E333-8FDC-42A3-9474-1A3956D46DE8}") = "assets", "assets", "{68BC55B7-FAFA-41F6-AB07-FA92BC0B1150}"
EndProject
Project("{2150E333-8FDC-42A3-9474-1A3956D46DE8}") = "icons", "icons", "{94C50FF4-FFFC-4B33-8A98-6ED91A70100D}"
	ProjectSection(SolutionItems) = preProject
		docs\assets\icons\add_16.png = docs\assets\icons\add_16.png
		docs\assets\icons\add_20.png = docs\assets\icons\add_20.png
		docs\assets\icons\add_square_16.png = docs\assets\icons\add_square_16.png
		docs\assets\icons\add_square_20.png = docs\assets\icons\add_square_20.png
		docs\assets\icons\align_center_vertical_16.png = docs\assets\icons\align_center_vertical_16.png
		docs\assets\icons\align_center_vertical_20.png = docs\assets\icons\align_center_vertical_20.png
		docs\assets\icons\apps_16.png = docs\assets\icons\apps_16.png
		docs\assets\icons\apps_20.png = docs\assets\icons\apps_20.png
		docs\assets\icons\app_generic_16.png = docs\assets\icons\app_generic_16.png
		docs\assets\icons\app_generic_20.png = docs\assets\icons\app_generic_20.png
		docs\assets\icons\arrow_circle_down_16.png = docs\assets\icons\arrow_circle_down_16.png
		docs\assets\icons\arrow_circle_down_20.png = docs\assets\icons\arrow_circle_down_20.png
		docs\assets\icons\arrow_circle_up_16.png = docs\assets\icons\arrow_circle_up_16.png
		docs\assets\icons\arrow_circle_up_20.png = docs\assets\icons\arrow_circle_up_20.png
		docs\assets\icons\arrow_import_16.png = docs\assets\icons\arrow_import_16.png
		docs\assets\icons\arrow_import_20.png = docs\assets\icons\arrow_import_20.png
		docs\assets\icons\arrow_maximize_16.png = docs\assets\icons\arrow_maximize_16.png
		docs\assets\icons\arrow_maximize_20.png = docs\assets\icons\arrow_maximize_20.png
		docs\assets\icons\arrow_minimize_vertical_16.png = docs\assets\icons\arrow_minimize_vertical_16.png
		docs\assets\icons\arrow_minimize_vertical_20.png = docs\assets\icons\arrow_minimize_vertical_20.png
		docs\assets\icons\arrow_redo_16.png = docs\assets\icons\arrow_redo_16.png
		docs\assets\icons\arrow_redo_20.png = docs\assets\icons\arrow_redo_20.png
		docs\assets\icons\arrow_repeat_all_16.png = docs\assets\icons\arrow_repeat_all_16.png
		docs\assets\icons\arrow_repeat_all_20.png = docs\assets\icons\arrow_repeat_all_20.png
		docs\assets\icons\arrow_swap_16.png = docs\assets\icons\arrow_swap_16.png
		docs\assets\icons\arrow_swap_20.png = docs\assets\icons\arrow_swap_20.png
		docs\assets\icons\arrow_undo_16.png = docs\assets\icons\arrow_undo_16.png
		docs\assets\icons\arrow_undo_20.png = docs\assets\icons\arrow_undo_20.png
		docs\assets\icons\arrow_upload_16.png = docs\assets\icons\arrow_upload_16.png
		docs\assets\icons\arrow_upload_20.png = docs\assets\icons\arrow_upload_20.png
		docs\assets\icons\border_none_16.png = docs\assets\icons\border_none_16.png
		docs\assets\icons\border_none_20.png = docs\assets\icons\border_none_20.png
		docs\assets\icons\broom_16.png = docs\assets\icons\broom_16.png
		docs\assets\icons\broom_20.png = docs\assets\icons\broom_20.png
		docs\assets\icons\calendar_pattern_16.png = docs\assets\icons\calendar_pattern_16.png
		docs\assets\icons\calendar_pattern_20.png = docs\assets\icons\calendar_pattern_20.png
		docs\assets\icons\camera_16.png = docs\assets\icons\camera_16.png
		docs\assets\icons\camera_20.png = docs\assets\icons\camera_20.png
		docs\assets\icons\camera_switch_16.png = docs\assets\icons\camera_switch_16.png
		docs\assets\icons\camera_switch_20.png = docs\assets\icons\camera_switch_20.png
		docs\assets\icons\checkmark_16.png = docs\assets\icons\checkmark_16.png
		docs\assets\icons\checkmark_20.png = docs\assets\icons\checkmark_20.png
		docs\assets\icons\chevron_down_16.png = docs\assets\icons\chevron_down_16.png
		docs\assets\icons\chevron_down_20.png = docs\assets\icons\chevron_down_20.png
		docs\assets\icons\chevron_left_16.png = docs\assets\icons\chevron_left_16.png
		docs\assets\icons\chevron_left_20.png = docs\assets\icons\chevron_left_20.png
		docs\assets\icons\chevron_right_16.png = docs\assets\icons\chevron_right_16.png
		docs\assets\icons\chevron_right_20.png = docs\assets\icons\chevron_right_20.png
		docs\assets\icons\circle_16.png = docs\assets\icons\circle_16.png
		docs\assets\icons\circle_20.png = docs\assets\icons\circle_20.png
		docs\assets\icons\circle_hint_16.png = docs\assets\icons\circle_hint_16.png
		docs\assets\icons\circle_hint_20.png = docs\assets\icons\circle_hint_20.png
		docs\assets\icons\clipboard_paste_16.png = docs\assets\icons\clipboard_paste_16.png
		docs\assets\icons\clipboard_paste_20.png = docs\assets\icons\clipboard_paste_20.png
		docs\assets\icons\clock_16.png = docs\assets\icons\clock_16.png
		docs\assets\icons\clock_20.png = docs\assets\icons\clock_20.png
		docs\assets\icons\color_16.png = docs\assets\icons\color_16.png
		docs\assets\icons\color_20.png = docs\assets\icons\color_20.png
		docs\assets\icons\color_line_16.png = docs\assets\icons\color_line_16.png
		docs\assets\icons\color_line_20.png = docs\assets\icons\color_line_20.png
		docs\assets\icons\copy_16.png = docs\assets\icons\copy_16.png
		docs\assets\icons\copy_20.png = docs\assets\icons\copy_20.png
		docs\assets\icons\cut_16.png = docs\assets\icons\cut_16.png
		docs\assets\icons\cut_20.png = docs\assets\icons\cut_20.png
		docs\assets\icons\data_sunburst_16.png = docs\assets\icons\data_sunburst_16.png
		docs\assets\icons\data_sunburst_20.png = docs\assets\icons\data_sunburst_20.png
		docs\assets\icons\delete_16.png = docs\assets\icons\delete_16.png
		docs\assets\icons\delete_20.png = docs\assets\icons\delete_20.png
		docs\assets\icons\dismiss_16.png = docs\assets\icons\dismiss_16.png
		docs\assets\icons\dismiss_20.png = docs\assets\icons\dismiss_20.png
		docs\assets\icons\dismiss_circle_16.png = docs\assets\icons\dismiss_circle_16.png
		docs\assets\icons\dismiss_circle_20.png = docs\assets\icons\dismiss_circle_20.png
		docs\assets\icons\dock_row_16.png = docs\assets\icons\dock_row_16.png
		docs\assets\icons\dock_row_20.png = docs\assets\icons\dock_row_20.png
		docs\assets\icons\document_16.png = docs\assets\icons\document_16.png
		docs\assets\icons\document_20.png = docs\assets\icons\document_20.png
		docs\assets\icons\document_fit_16.png = docs\assets\icons\document_fit_16.png
		docs\assets\icons\document_fit_20.png = docs\assets\icons\document_fit_20.png
		docs\assets\icons\drop_16.png = docs\assets\icons\drop_16.png
		docs\assets\icons\drop_20.png = docs\assets\icons\drop_20.png
		docs\assets\icons\edit_16.png = docs\assets\icons\edit_16.png
		docs\assets\icons\edit_20.png = docs\assets\icons\edit_20.png
		docs\assets\icons\eraser_16.png = docs\assets\icons\eraser_16.png
		docs\assets\icons\eraser_20.png = docs\assets\icons\eraser_20.png
		docs\assets\icons\eyedropper_16.png = docs\assets\icons\eyedropper_16.png
		docs\assets\icons\eyedropper_20.png = docs\assets\icons\eyedropper_20.png
		docs\assets\icons\eye_16.png = docs\assets\icons\eye_16.png
		docs\assets\icons\eye_20.png = docs\assets\icons\eye_20.png
		docs\assets\icons\eye_off_16.png = docs\assets\icons\eye_off_16.png
		docs\assets\icons\eye_off_20.png = docs\assets\icons\eye_off_20.png
		docs\assets\icons\eye_tracking_16.png = docs\assets\icons\eye_tracking_16.png
		docs\assets\icons\eye_tracking_20.png = docs\assets\icons\eye_tracking_20.png
		docs\assets\icons\flip_horizontal_16.png = docs\assets\icons\flip_horizontal_16.png
		docs\assets\icons\flip_horizontal_20.png = docs\assets\icons\flip_horizontal_20.png
		docs\assets\icons\flip_vertical_16.png = docs\assets\icons\flip_vertical_16.png
		docs\assets\icons\flip_vertical_20.png = docs\assets\icons\flip_vertical_20.png
		docs\assets\icons\folder_16.png = docs\assets\icons\folder_16.png
		docs\assets\icons\folder_20.png = docs\assets\icons\folder_20.png
		docs\assets\icons\folder_add_16.png = docs\assets\icons\folder_add_16.png
		docs\assets\icons\folder_add_20.png = docs\assets\icons\folder_add_20.png
		docs\assets\icons\folder_open_16.png = docs\assets\icons\folder_open_16.png
		docs\assets\icons\folder_open_20.png = docs\assets\icons\folder_open_20.png
		docs\assets\icons\glasses_16.png = docs\assets\icons\glasses_16.png
		docs\assets\icons\glasses_20.png = docs\assets\icons\glasses_20.png
		docs\assets\icons\glasses_off_16.png = docs\assets\icons\glasses_off_16.png
		docs\assets\icons\glasses_off_20.png = docs\assets\icons\glasses_off_20.png
		docs\assets\icons\globe_16.png = docs\assets\icons\globe_16.png
		docs\assets\icons\globe_20.png = docs\assets\icons\globe_20.png
		docs\assets\icons\globe_off_16.png = docs\assets\icons\globe_off_16.png
		docs\assets\icons\globe_off_20.png = docs\assets\icons\globe_off_20.png
		docs\assets\icons\grid_16.png = docs\assets\icons\grid_16.png
		docs\assets\icons\grid_20.png = docs\assets\icons\grid_20.png
		docs\assets\icons\hand_draw_16.png = docs\assets\icons\hand_draw_16.png
		docs\assets\icons\hand_draw_20.png = docs\assets\icons\hand_draw_20.png
		docs\assets\icons\hand_left_16.png = docs\assets\icons\hand_left_16.png
		docs\assets\icons\hand_left_20.png = docs\assets\icons\hand_left_20.png
		docs\assets\icons\history_16.png = docs\assets\icons\history_16.png
		docs\assets\icons\history_20.png = docs\assets\icons\history_20.png
		docs\assets\icons\ICON_MANIFEST.md = docs\assets\icons\ICON_MANIFEST.md
		docs\assets\icons\image_sparkle_16.png = docs\assets\icons\image_sparkle_16.png
		docs\assets\icons\image_sparkle_20.png = docs\assets\icons\image_sparkle_20.png
		docs\assets\icons\keyboard_16.png = docs\assets\icons\keyboard_16.png
		docs\assets\icons\keyboard_20.png = docs\assets\icons\keyboard_20.png
		docs\assets\icons\keyboard_shift_16.png = docs\assets\icons\keyboard_shift_16.png
		docs\assets\icons\keyboard_shift_20.png = docs\assets\icons\keyboard_shift_20.png
		docs\assets\icons\lasso_16.png = docs\assets\icons\lasso_16.png
		docs\assets\icons\lasso_20.png = docs\assets\icons\lasso_20.png
		docs\assets\icons\layer_16.png = docs\assets\icons\layer_16.png
		docs\assets\icons\layer_20.png = docs\assets\icons\layer_20.png
		docs\assets\icons\layer_diagonal_16.png = docs\assets\icons\layer_diagonal_16.png
		docs\assets\icons\layer_diagonal_20.png = docs\assets\icons\layer_diagonal_20.png
		docs\assets\icons\link_16.png = docs\assets\icons\link_16.png
		docs\assets\icons\link_20.png = docs\assets\icons\link_20.png
		docs\assets\icons\link_multiple_16.png = docs\assets\icons\link_multiple_16.png
		docs\assets\icons\link_multiple_20.png = docs\assets\icons\link_multiple_20.png
		docs\assets\icons\lock_closed_16.png = docs\assets\icons\lock_closed_16.png
		docs\assets\icons\lock_closed_20.png = docs\assets\icons\lock_closed_20.png
		docs\assets\icons\lock_open_16.png = docs\assets\icons\lock_open_16.png
		docs\assets\icons\lock_open_20.png = docs\assets\icons\lock_open_20.png
		docs\assets\icons\next_16.png = docs\assets\icons\next_16.png
		docs\assets\icons\next_20.png = docs\assets\icons\next_20.png
		docs\assets\icons\open_16.png = docs\assets\icons\open_16.png
		docs\assets\icons\open_20.png = docs\assets\icons\open_20.png
		docs\assets\icons\paint_brush_16.png = docs\assets\icons\paint_brush_16.png
		docs\assets\icons\paint_brush_20.png = docs\assets\icons\paint_brush_20.png
		docs\assets\icons\paint_bucket_16.png = docs\assets\icons\paint_bucket_16.png
		docs\assets\icons\paint_bucket_20.png = docs\assets\icons\paint_bucket_20.png
		docs\assets\icons\pause_16.png = docs\assets\icons\pause_16.png
		docs\assets\icons\pause_20.png = docs\assets\icons\pause_20.png
		docs\assets\icons\pen_sync_16.png = docs\assets\icons\pen_sync_16.png
		docs\assets\icons\pen_sync_20.png = docs\assets\icons\pen_sync_20.png
		docs\assets\icons\play_16.png = docs\assets\icons\play_16.png
		docs\assets\icons\play_20.png = docs\assets\icons\play_20.png
		docs\assets\icons\plug_disconnected_16.png = docs\assets\icons\plug_disconnected_16.png
		docs\assets\icons\plug_disconnected_20.png = docs\assets\icons\plug_disconnected_20.png
		docs\assets\icons\preview_link_16.png = docs\assets\icons\preview_link_16.png
		docs\assets\icons\preview_link_20.png = docs\assets\icons\preview_link_20.png
		docs\assets\icons\previous_16.png = docs\assets\icons\previous_16.png
		docs\assets\icons\previous_20.png = docs\assets\icons\previous_20.png
		docs\assets\icons\README.md = docs\assets\icons\README.md
		docs\assets\icons\reorder_dots_vertical_16.png = docs\assets\icons\reorder_dots_vertical_16.png
		docs\assets\icons\reorder_dots_vertical_20.png = docs\assets\icons\reorder_dots_vertical_20.png
		docs\assets\icons\resize_large_16.png = docs\assets\icons\resize_large_16.png
		docs\assets\icons\resize_large_20.png = docs\assets\icons\resize_large_20.png
		docs\assets\icons\resize_small_16.png = docs\assets\icons\resize_small_16.png
		docs\assets\icons\resize_small_20.png = docs\assets\icons\resize_small_20.png
		docs\assets\icons\search_info_16.png = docs\assets\icons\search_info_16.png
		docs\assets\icons\search_info_20.png = docs\assets\icons\search_info_20.png
		docs\assets\icons\select_object_16.png = docs\assets\icons\select_object_16.png
		docs\assets\icons\select_object_20.png = docs\assets\icons\select_object_20.png
		docs\assets\icons\settings_16.png = docs\assets\icons\settings_16.png
		docs\assets\icons\settings_20.png = docs\assets\icons\settings_20.png
		docs\assets\icons\shape_organic_16.png = docs\assets\icons\shape_organic_16.png
		docs\assets\icons\shape_organic_20.png = docs\assets\icons\shape_organic_20.png
		docs\assets\icons\sparkle_16.png = docs\assets\icons\sparkle_16.png
		docs\assets\icons\sparkle_20.png = docs\assets\icons\sparkle_20.png
		docs\assets\icons\square_16.png = docs\assets\icons\square_16.png
		docs\assets\icons\square_20.png = docs\assets\icons\square_20.png
		docs\assets\icons\square_shadow_16.png = docs\assets\icons\square_shadow_16.png
		docs\assets\icons\square_shadow_20.png = docs\assets\icons\square_shadow_20.png
		docs\assets\icons\stack_add_16.png = docs\assets\icons\stack_add_16.png
		docs\assets\icons\stack_add_20.png = docs\assets\icons\stack_add_20.png
		docs\assets\icons\star_16.png = docs\assets\icons\star_16.png
		docs\assets\icons\star_20.png = docs\assets\icons\star_20.png
		docs\assets\icons\stop_16.png = docs\assets\icons\stop_16.png
		docs\assets\icons\stop_20.png = docs\assets\icons\stop_20.png
		docs\assets\icons\syringe_16.png = docs\assets\icons\syringe_16.png
		docs\assets\icons\syringe_20.png = docs\assets\icons\syringe_20.png
		docs\assets\icons\table_16.png = docs\assets\icons\table_16.png
		docs\assets\icons\table_20.png = docs\assets\icons\table_20.png
		docs\assets\icons\table_cell_edit_16.png = docs\assets\icons\table_cell_edit_16.png
		docs\assets\icons\table_cell_edit_20.png = docs\assets\icons\table_cell_edit_20.png
		docs\assets\icons\table_dismiss_16.png = docs\assets\icons\table_dismiss_16.png
		docs\assets\icons\table_dismiss_20.png = docs\assets\icons\table_dismiss_20.png
		docs\assets\icons\table_edit_16.png = docs\assets\icons\table_edit_16.png
		docs\assets\icons\table_edit_20.png = docs\assets\icons\table_edit_20.png
		docs\assets\icons\table_lightning_16.png = docs\assets\icons\table_lightning_16.png
		docs\assets\icons\table_lightning_20.png = docs\assets\icons\table_lightning_20.png
		docs\assets\icons\tap_double_16.png = docs\assets\icons\tap_double_16.png
		docs\assets\icons\tap_double_20.png = docs\assets\icons\tap_double_20.png
		docs\assets\icons\video_clip_16.png = docs\assets\icons\video_clip_16.png
		docs\assets\icons\video_clip_20.png = docs\assets\icons\video_clip_20.png
		docs\assets\icons\wand_16.png = docs\assets\icons\wand_16.png
		docs\assets\icons\wand_20.png = docs\assets\icons\wand_20.png
		docs\assets\icons\warning_16.png = docs\assets\icons\warning_16.png
		docs\assets\icons\warning_20.png = docs\assets\icons\warning_20.png
		docs\assets\icons\window_multiple_swap_16.png = docs\assets\icons\window_multiple_swap_16.png
		docs\assets\icons\window_multiple_swap_20.png = docs\assets\icons\window_multiple_swap_20.png
		docs\assets\icons\wrench_16.png = docs\assets\icons\wrench_16.png
		docs\assets\icons\wrench_20.png = docs\assets\icons\wrench_20.png
		docs\assets\icons\zoom_fit_16.png = docs\assets\icons\zoom_fit_16.png
		docs\assets\icons\zoom_fit_20.png = docs\assets\icons\zoom_fit_20.png
		docs\assets\icons\zoom_in_16.png = docs\assets\icons\zoom_in_16.png
		docs\assets\icons\zoom_in_20.png = docs\assets\icons\zoom_in_20.png
		docs\assets\icons\zoom_out_16.png = docs\assets\icons\zoom_out_16.png
		docs\assets\icons\zoom_out_20.png = docs\assets\icons\zoom_out_20.png
	EndProjectSection
EndProject
Project("{2150E333-8FDC-42A3-9474-1A3956D46DE8}") = "screenshots", "screenshots", "{EB25647E-F669-40F5-A78C-21BC6D160771}"
	ProjectSection(SolutionItems) = preProject
		docs\assets\screenshots\PixlPunktUi.png = docs\assets\screenshots\PixlPunktUi.png
	EndProjectSection
EndProject
Global
	GlobalSection(SolutionConfigurationPlatforms) = preSolution
		Debug|Any CPU = Debug|Any CPU
		Release|Any CPU = Release|Any CPU
	EndGlobalSection
	GlobalSection(ProjectConfigurationPlatforms) = postSolution
		{06345212-8688-4F8F-91FA-4EB0C9785853}.Debug|Any CPU.ActiveCfg = Debug|Any CPU
		{06345212-8688-4F8F-91FA-4EB0C9785853}.Debug|Any CPU.Build.0 = Debug|Any CPU
		{06345212-8688-4F8F-91FA-4EB0C9785853}.Release|Any CPU.ActiveCfg = Release|Any CPU
		{06345212-8688-4F8F-91FA-4EB0C9785853}.Release|Any CPU.Build.0 = Release|Any CPU
		{D80D4501-9A29-7BC9-60B2-22061246B5F4}.Debug|Any CPU.ActiveCfg = Debug|Any CPU
		{D80D4501-9A29-7BC9-60B2-22061246B5F4}.Debug|Any CPU.Build.0 = Debug|Any CPU
		{D80D4501-9A29-7BC9-60B2-22061246B5F4}.Release|Any CPU.ActiveCfg = Release|Any CPU
		{D80D4501-9A29-7BC9-60B2-22061246B5F4}.Release|Any CPU.Build.0 = Release|Any CPU
		{FC0784E9-0938-442A-A5F3-F5EB47ED9C6A}.Debug|Any CPU.ActiveCfg = Debug|Any CPU
		{FC0784E9-0938-442A-A5F3-F5EB47ED9C6A}.Debug|Any CPU.Build.0 = Debug|Any CPU
		{FC0784E9-0938-442A-A5F3-F5EB47ED9C6A}.Release|Any CPU.ActiveCfg = Release|Any CPU
		{FC0784E9-0938-442A-A5F3-F5EB47ED9C6A}.Release|Any CPU.Build.0 = Release|Any CPU
		{94DA9B44-63D4-4B19-8778-2D2B0B10980C}.Debug|Any CPU.ActiveCfg = Debug|Any CPU
		{94DA9B44-63D4-4B19-8778-2D2B0B10980C}.Debug|Any CPU.Build.0 = Debug|Any CPU
		{94DA9B44-63D4-4B19-8778-2D2B0B10980C}.Debug|Any CPU.Deploy.0 = Debug|Any CPU
		{94DA9B44-63D4-4B19-8778-2D2B0B10980C}.Release|Any CPU.ActiveCfg = Release|Any CPU
		{94DA9B44-63D4-4B19-8778-2D2B0B10980C}.Release|Any CPU.Build.0 = Release|Any CPU
		{94DA9B44-63D4-4B19-8778-2D2B0B10980C}.Release|Any CPU.Deploy.0 = Release|Any CPU
		{FE0E7340-E061-4D04-957F-2985080CA0B9}.Debug|Any CPU.ActiveCfg = Debug|Any CPU
		{FE0E7340-E061-4D04-957F-2985080CA0B9}.Debug|Any CPU.Build.0 = Debug|Any CPU
		{FE0E7340-E061-4D04-957F-2985080CA0B9}.Release|Any CPU.ActiveCfg = Release|Any CPU
		{FE0E7340-E061-4D04-957F-2985080CA0B9}.Release|Any CPU.Build.0 = Release|Any CPU
	EndGlobalSection
	GlobalSection(SolutionProperties) = preSolution
		HideSolutionNode = FALSE
	EndGlobalSection
	GlobalSection(NestedProjects) = preSolution
		{DCDD5C83-5AE2-4E8B-A81E-8C7196D6DB40} = {8DEB0975-6B3B-4E8E-B95E-E3E0E9363164}
		{81F70FB3-7063-49B6-BEC3-83F529C13D8A} = {8DEB0975-6B3B-4E8E-B95E-E3E0E9363164}
		{DFE16839-9789-4D3A-8B0E-5DB1EDDF21C9} = {81F70FB3-7063-49B6-BEC3-83F529C13D8A}
		{9E16D6DE-0101-470D-990D-5DFBB21DE4A4} = {81F70FB3-7063-49B6-BEC3-83F529C13D8A}
		{7E1AC4C6-3F95-4B5A-88CD-2EBA019D6621} = {8DEB0975-6B3B-4E8E-B95E-E3E0E9363164}
		{2922D242-91C0-4AEC-8CB0-8A1CE27E0B90} = {8DEB0975-6B3B-4E8E-B95E-E3E0E9363164}
		{68BC55B7-FAFA-41F6-AB07-FA92BC0B1150} = {2922D242-91C0-4AEC-8CB0-8A1CE27E0B90}
		{94C50FF4-FFFC-4B33-8A98-6ED91A70100D} = {68BC55B7-FAFA-41F6-AB07-FA92BC0B1150}
		{EB25647E-F669-40F5-A78C-21BC6D160771} = {68BC55B7-FAFA-41F6-AB07-FA92BC0B1150}
	EndGlobalSection
	GlobalSection(ExtensibilityGlobals) = postSolution
		SolutionGuid = {9E1BAE2F-CFB3-4022-8303-AE3CFDBD5546}
	EndGlobalSection
EndGlobal
